// !$*UTF8*$!
{
	archiveVersion = 1;
	classes = {
	};
	objectVersion = 48;
	objects = {

/* Begin PBXBuildFile section */
		84583BFA1FE16E3B00D4D328 /* AppDelegate.swift in Sources */ = {isa = PBXBuildFile; fileRef = 84583BF91FE16E3B00D4D328 /* AppDelegate.swift */; };
		84583BFC1FE16E3B00D4D328 /* ViewController.swift in Sources */ = {isa = PBXBuildFile; fileRef = 84583BFB1FE16E3B00D4D328 /* ViewController.swift */; };
		84583BFF1FE16E3B00D4D328 /* Main.storyboard in Resources */ = {isa = PBXBuildFile; fileRef = 84583BFD1FE16E3B00D4D328 /* Main.storyboard */; };
		84583C011FE16E3B00D4D328 /* Assets.xcassets in Resources */ = {isa = PBXBuildFile; fileRef = 84583C001FE16E3B00D4D328 /* Assets.xcassets */; };
		84583C041FE16E3B00D4D328 /* LaunchScreen.storyboard in Resources */ = {isa = PBXBuildFile; fileRef = 84583C021FE16E3B00D4D328 /* LaunchScreen.storyboard */; };
		84583C0F1FE16E3C00D4D328 /* FriendsMobileNetworkTests.swift in Sources */ = {isa = PBXBuildFile; fileRef = 84583C0E1FE16E3C00D4D328 /* FriendsMobileNetworkTests.swift */; };
		84583C1A1FE16E3C00D4D328 /* FriendsMobileNetworkUITests.swift in Sources */ = {isa = PBXBuildFile; fileRef = 84583C191FE16E3C00D4D328 /* FriendsMobileNetworkUITests.swift */; };
		84583C281FE1735500D4D328 /* Extension.swift in Sources */ = {isa = PBXBuildFile; fileRef = 84583C271FE1735500D4D328 /* Extension.swift */; };
		84583C2A1FE1743700D4D328 /* HomeViewController.swift in Sources */ = {isa = PBXBuildFile; fileRef = 84583C291FE1743700D4D328 /* HomeViewController.swift */; };
/* End PBXBuildFile section */

/* Begin PBXContainerItemProxy section */
		84583C0B1FE16E3C00D4D328 /* PBXContainerItemProxy */ = {
			isa = PBXContainerItemProxy;
			containerPortal = 84583BEE1FE16E3B00D4D328 /* Project object */;
			proxyType = 1;
			remoteGlobalIDString = 84583BF51FE16E3B00D4D328;
			remoteInfo = FriendsMobileNetwork;
		};
		84583C161FE16E3C00D4D328 /* PBXContainerItemProxy */ = {
			isa = PBXContainerItemProxy;
			containerPortal = 84583BEE1FE16E3B00D4D328 /* Project object */;
			proxyType = 1;
			remoteGlobalIDString = 84583BF51FE16E3B00D4D328;
			remoteInfo = FriendsMobileNetwork;
		};
/* End PBXContainerItemProxy section */

/* Begin PBXFileReference section */
		84583BF61FE16E3B00D4D328 /* FriendsMobileNetwork.app */ = {isa = PBXFileReference; explicitFileType = wrapper.application; includeInIndex = 0; path = FriendsMobileNetwork.app; sourceTree = BUILT_PRODUCTS_DIR; };
		84583BF91FE16E3B00D4D328 /* AppDelegate.swift */ = {isa = PBXFileReference; lastKnownFileType = sourcecode.swift; path = AppDelegate.swift; sourceTree = "<group>"; };
		84583BFB1FE16E3B00D4D328 /* ViewController.swift */ = {isa = PBXFileReference; lastKnownFileType = sourcecode.swift; path = ViewController.swift; sourceTree = "<group>"; };
		84583BFE1FE16E3B00D4D328 /* Base */ = {isa = PBXFileReference; lastKnownFileType = file.storyboard; name = Base; path = Base.lproj/Main.storyboard; sourceTree = "<group>"; };
		84583C001FE16E3B00D4D328 /* Assets.xcassets */ = {isa = PBXFileReference; lastKnownFileType = folder.assetcatalog; path = Assets.xcassets; sourceTree = "<group>"; };
		84583C031FE16E3B00D4D328 /* Base */ = {isa = PBXFileReference; lastKnownFileType = file.storyboard; name = Base; path = Base.lproj/LaunchScreen.storyboard; sourceTree = "<group>"; };
		84583C051FE16E3B00D4D328 /* Info.plist */ = {isa = PBXFileReference; lastKnownFileType = text.plist.xml; path = Info.plist; sourceTree = "<group>"; };
		84583C0A1FE16E3C00D4D328 /* FriendsMobileNetworkTests.xctest */ = {isa = PBXFileReference; explicitFileType = wrapper.cfbundle; includeInIndex = 0; path = FriendsMobileNetworkTests.xctest; sourceTree = BUILT_PRODUCTS_DIR; };
		84583C0E1FE16E3C00D4D328 /* FriendsMobileNetworkTests.swift */ = {isa = PBXFileReference; lastKnownFileType = sourcecode.swift; path = FriendsMobileNetworkTests.swift; sourceTree = "<group>"; };
		84583C101FE16E3C00D4D328 /* Info.plist */ = {isa = PBXFileReference; lastKnownFileType = text.plist.xml; path = Info.plist; sourceTree = "<group>"; };
		84583C151FE16E3C00D4D328 /* FriendsMobileNetworkUITests.xctest */ = {isa = PBXFileReference; explicitFileType = wrapper.cfbundle; includeInIndex = 0; path = FriendsMobileNetworkUITests.xctest; sourceTree = BUILT_PRODUCTS_DIR; };
		84583C191FE16E3C00D4D328 /* FriendsMobileNetworkUITests.swift */ = {isa = PBXFileReference; lastKnownFileType = sourcecode.swift; path = FriendsMobileNetworkUITests.swift; sourceTree = "<group>"; };
		84583C1B1FE16E3C00D4D328 /* Info.plist */ = {isa = PBXFileReference; lastKnownFileType = text.plist.xml; path = Info.plist; sourceTree = "<group>"; };
		84583C271FE1735500D4D328 /* Extension.swift */ = {isa = PBXFileReference; lastKnownFileType = sourcecode.swift; path = Extension.swift; sourceTree = "<group>"; };
		84583C291FE1743700D4D328 /* HomeViewController.swift */ = {isa = PBXFileReference; lastKnownFileType = sourcecode.swift; path = HomeViewController.swift; sourceTree = "<group>"; };
/* End PBXFileReference section */

/* Begin PBXFrameworksBuildPhase section */
		84583BF31FE16E3B00D4D328 /* Frameworks */ = {
			isa = PBXFrameworksBuildPhase;
			buildActionMask = 2147483647;
			files = (
			);
			runOnlyForDeploymentPostprocessing = 0;
		};
		84583C071FE16E3C00D4D328 /* Frameworks */ = {
			isa = PBXFrameworksBuildPhase;
			buildActionMask = 2147483647;
			files = (
			);
			runOnlyForDeploymentPostprocessing = 0;
		};
		84583C121FE16E3C00D4D328 /* Frameworks */ = {
			isa = PBXFrameworksBuildPhase;
			buildActionMask = 2147483647;
			files = (
			);
			runOnlyForDeploymentPostprocessing = 0;
		};
/* End PBXFrameworksBuildPhase section */

/* Begin PBXGroup section */
		84583BED1FE16E3B00D4D328 = {
			isa = PBXGroup;
			children = (
				84583BF81FE16E3B00D4D328 /* FriendsMobileNetwork */,
				84583C0D1FE16E3C00D4D328 /* FriendsMobileNetworkTests */,
				84583C181FE16E3C00D4D328 /* FriendsMobileNetworkUITests */,
				84583BF71FE16E3B00D4D328 /* Products */,
			);
			sourceTree = "<group>";
		};
		84583BF71FE16E3B00D4D328 /* Products */ = {
			isa = PBXGroup;
			children = (
				84583BF61FE16E3B00D4D328 /* FriendsMobileNetwork.app */,
				84583C0A1FE16E3C00D4D328 /* FriendsMobileNetworkTests.xctest */,
				84583C151FE16E3C00D4D328 /* FriendsMobileNetworkUITests.xctest */,
			);
			name = Products;
			sourceTree = "<group>";
		};
		84583BF81FE16E3B00D4D328 /* FriendsMobileNetwork */ = {
			isa = PBXGroup;
			children = (
				84583BF91FE16E3B00D4D328 /* AppDelegate.swift */,
				84583BFB1FE16E3B00D4D328 /* ViewController.swift */,
				84583C291FE1743700D4D328 /* HomeViewController.swift */,
				84583C271FE1735500D4D328 /* Extension.swift */,
				84583BFD1FE16E3B00D4D328 /* Main.storyboard */,
				84583C001FE16E3B00D4D328 /* Assets.xcassets */,
				84583C021FE16E3B00D4D328 /* LaunchScreen.storyboard */,
				84583C051FE16E3B00D4D328 /* Info.plist */,
			);
			path = FriendsMobileNetwork;
			sourceTree = "<group>";
		};
		84583C0D1FE16E3C00D4D328 /* FriendsMobileNetworkTests */ = {
			isa = PBXGroup;
			children = (
				84583C0E1FE16E3C00D4D328 /* FriendsMobileNetworkTests.swift */,
				84583C101FE16E3C00D4D328 /* Info.plist */,
			);
			path = FriendsMobileNetworkTests;
			sourceTree = "<group>";
		};
		84583C181FE16E3C00D4D328 /* FriendsMobileNetworkUITests */ = {
			isa = PBXGroup;
			children = (
				84583C191FE16E3C00D4D328 /* FriendsMobileNetworkUITests.swift */,
				84583C1B1FE16E3C00D4D328 /* Info.plist */,
			);
			path = FriendsMobileNetworkUITests;
			sourceTree = "<group>";
		};
/* End PBXGroup section */

/* Begin PBXNativeTarget section */
		84583BF51FE16E3B00D4D328 /* FriendsMobileNetwork */ = {
			isa = PBXNativeTarget;
			buildConfigurationList = 84583C1E1FE16E3C00D4D328 /* Build configuration list for PBXNativeTarget "FriendsMobileNetwork" */;
			buildPhases = (
				84583BF21FE16E3B00D4D328 /* Sources */,
				84583BF31FE16E3B00D4D328 /* Frameworks */,
				84583BF41FE16E3B00D4D328 /* Resources */,
			);
			buildRules = (
			);
			dependencies = (
			);
			name = FriendsMobileNetwork;
			productName = FriendsMobileNetwork;
			productReference = 84583BF61FE16E3B00D4D328 /* FriendsMobileNetwork.app */;
			productType = "com.apple.product-type.application";
		};
		84583C091FE16E3C00D4D328 /* FriendsMobileNetworkTests */ = {
			isa = PBXNativeTarget;
			buildConfigurationList = 84583C211FE16E3C00D4D328 /* Build configuration list for PBXNativeTarget "FriendsMobileNetworkTests" */;
			buildPhases = (
				84583C061FE16E3C00D4D328 /* Sources */,
				84583C071FE16E3C00D4D328 /* Frameworks */,
				84583C081FE16E3C00D4D328 /* Resources */,
			);
			buildRules = (
			);
			dependencies = (
				84583C0C1FE16E3C00D4D328 /* PBXTargetDependency */,
			);
			name = FriendsMobileNetworkTests;
			productName = FriendsMobileNetworkTests;
			productReference = 84583C0A1FE16E3C00D4D328 /* FriendsMobileNetworkTests.xctest */;
			productType = "com.apple.product-type.bundle.unit-test";
		};
		84583C141FE16E3C00D4D328 /* FriendsMobileNetworkUITests */ = {
			isa = PBXNativeTarget;
			buildConfigurationList = 84583C241FE16E3C00D4D328 /* Build configuration list for PBXNativeTarget "FriendsMobileNetworkUITests" */;
			buildPhases = (
				84583C111FE16E3C00D4D328 /* Sources */,
				84583C121FE16E3C00D4D328 /* Frameworks */,
				84583C131FE16E3C00D4D328 /* Resources */,
			);
			buildRules = (
			);
			dependencies = (
				84583C171FE16E3C00D4D328 /* PBXTargetDependency */,
			);
			name = FriendsMobileNetworkUITests;
			productName = FriendsMobileNetworkUITests;
			productReference = 84583C151FE16E3C00D4D328 /* FriendsMobileNetworkUITests.xctest */;
			productType = "com.apple.product-type.bundle.ui-testing";
		};
/* End PBXNativeTarget section */

/* Begin PBXProject section */
		84583BEE1FE16E3B00D4D328 /* Project object */ = {
			isa = PBXProject;
			attributes = {
				LastSwiftUpdateCheck = 0910;
				LastUpgradeCheck = 0910;
				ORGANIZATIONNAME = "ACME iOS TEAM";
				TargetAttributes = {
					84583BF51FE16E3B00D4D328 = {
						CreatedOnToolsVersion = 9.1;
						ProvisioningStyle = Automatic;
					};
					84583C091FE16E3C00D4D328 = {
						CreatedOnToolsVersion = 9.1;
						ProvisioningStyle = Automatic;
						TestTargetID = 84583BF51FE16E3B00D4D328;
					};
					84583C141FE16E3C00D4D328 = {
						CreatedOnToolsVersion = 9.1;
						ProvisioningStyle = Automatic;
						TestTargetID = 84583BF51FE16E3B00D4D328;
					};
				};
			};
			buildConfigurationList = 84583BF11FE16E3B00D4D328 /* Build configuration list for PBXProject "FriendsMobileNetwork" */;
			compatibilityVersion = "Xcode 8.0";
			developmentRegion = en;
			hasScannedForEncodings = 0;
			knownRegions = (
				en,
				Base,
			);
			mainGroup = 84583BED1FE16E3B00D4D328;
			productRefGroup = 84583BF71FE16E3B00D4D328 /* Products */;
			projectDirPath = "";
			projectRoot = "";
			targets = (
				84583BF51FE16E3B00D4D328 /* FriendsMobileNetwork */,
				84583C091FE16E3C00D4D328 /* FriendsMobileNetworkTests */,
				84583C141FE16E3C00D4D328 /* FriendsMobileNetworkUITests */,
			);
		};
/* End PBXProject section */

/* Begin PBXResourcesBuildPhase section */
		84583BF41FE16E3B00D4D328 /* Resources */ = {
			isa = PBXResourcesBuildPhase;
			buildActionMask = 2147483647;
			files = (
				84583C041FE16E3B00D4D328 /* LaunchScreen.storyboard in Resources */,
				84583C011FE16E3B00D4D328 /* Assets.xcassets in Resources */,
				84583BFF1FE16E3B00D4D328 /* Main.storyboard in Resources */,
			);
			runOnlyForDeploymentPostprocessing = 0;
		};
		84583C081FE16E3C00D4D328 /* Resources */ = {
			isa = PBXResourcesBuildPhase;
			buildActionMask = 2147483647;
			files = (
			);
			runOnlyForDeploymentPostprocessing = 0;
		};
		84583C131FE16E3C00D4D328 /* Resources */ = {
			isa = PBXResourcesBuildPhase;
			buildActionMask = 2147483647;
			files = (
			);
			runOnlyForDeploymentPostprocessing = 0;
		};
/* End PBXResourcesBuildPhase section */

/* Begin PBXSourcesBuildPhase section */
		84583BF21FE16E3B00D4D328 /* Sources */ = {
			isa = PBXSourcesBuildPhase;
			buildActionMask = 2147483647;
			files = (
				84583C281FE1735500D4D328 /* Extension.swift in Sources */,
				84583BFC1FE16E3B00D4D328 /* ViewController.swift in Sources */,
				84583BFA1FE16E3B00D4D328 /* AppDelegate.swift in Sources */,
				84583C2A1FE1743700D4D328 /* HomeViewController.swift in Sources */,
			);
			runOnlyForDeploymentPostprocessing = 0;
		};
		84583C061FE16E3C00D4D328 /* Sources */ = {
			isa = PBXSourcesBuildPhase;
			buildActionMask = 2147483647;
			files = (
				84583C0F1FE16E3C00D4D328 /* FriendsMobileNetworkTests.swift in Sources */,
			);
			runOnlyForDeploymentPostprocessing = 0;
		};
		84583C111FE16E3C00D4D328 /* Sources */ = {
			isa = PBXSourcesBuildPhase;
			buildActionMask = 2147483647;
			files = (
				84583C1A1FE16E3C00D4D328 /* FriendsMobileNetworkUITests.swift in Sources */,
			);
			runOnlyForDeploymentPostprocessing = 0;
		};
/* End PBXSourcesBuildPhase section */

/* Begin PBXTargetDependency section */
		84583C0C1FE16E3C00D4D328 /* PBXTargetDependency */ = {
			isa = PBXTargetDependency;
			target = 84583BF51FE16E3B00D4D328 /* FriendsMobileNetwork */;
			targetProxy = 84583C0B1FE16E3C00D4D328 /* PBXContainerItemProxy */;
		};
		84583C171FE16E3C00D4D328 /* PBXTargetDependency */ = {
			isa = PBXTargetDependency;
			target = 84583BF51FE16E3B00D4D328 /* FriendsMobileNetwork */;
			targetProxy = 84583C161FE16E3C00D4D328 /* PBXContainerItemProxy */;
		};
/* End PBXTargetDependency section */

/* Begin PBXVariantGroup section */
		84583BFD1FE16E3B00D4D328 /* Main.storyboard */ = {
			isa = PBXVariantGroup;
			children = (
				84583BFE1FE16E3B00D4D328 /* Base */,
			);
			name = Main.storyboard;
			sourceTree = "<group>";
		};
		84583C021FE16E3B00D4D328 /* LaunchScreen.storyboard */ = {
			isa = PBXVariantGroup;
			children = (
				84583C031FE16E3B00D4D328 /* Base */,
			);
			name = LaunchScreen.storyboard;
			sourceTree = "<group>";
		};
/* End PBXVariantGroup section */

/* Begin XCBuildConfiguration section */
		84583C1C1FE16E3C00D4D328 /* Debug */ = {
			isa = XCBuildConfiguration;
			buildSettings = {
				ALWAYS_SEARCH_USER_PATHS = NO;
				CLANG_ANALYZER_NONNULL = YES;
				CLANG_ANALYZER_NUMBER_OBJECT_CONVERSION = YES_AGGRESSIVE;
				CLANG_CXX_LANGUAGE_STANDARD = "gnu++14";
				CLANG_CXX_LIBRARY = "libc++";
				CLANG_ENABLE_MODULES = YES;
				CLANG_ENABLE_OBJC_ARC = YES;
				CLANG_WARN_BLOCK_CAPTURE_AUTORELEASING = YES;
				CLANG_WARN_BOOL_CONVERSION = YES;
				CLANG_WARN_COMMA = YES;
				CLANG_WARN_CONSTANT_CONVERSION = YES;
				CLANG_WARN_DIRECT_OBJC_ISA_USAGE = YES_ERROR;
				CLANG_WARN_DOCUMENTATION_COMMENTS = YES;
				CLANG_WARN_EMPTY_BODY = YES;
				CLANG_WARN_ENUM_CONVERSION = YES;
				CLANG_WARN_INFINITE_RECURSION = YES;
				CLANG_WARN_INT_CONVERSION = YES;
				CLANG_WARN_NON_LITERAL_NULL_CONVERSION = YES;
				CLANG_WARN_OBJC_LITERAL_CONVERSION = YES;
				CLANG_WARN_OBJC_ROOT_CLASS = YES_ERROR;
				CLANG_WARN_RANGE_LOOP_ANALYSIS = YES;
				CLANG_WARN_STRICT_PROTOTYPES = YES;
				CLANG_WARN_SUSPICIOUS_MOVE = YES;
				CLANG_WARN_UNGUARDED_AVAILABILITY = YES_AGGRESSIVE;
				CLANG_WARN_UNREACHABLE_CODE = YES;
				CLANG_WARN__DUPLICATE_METHOD_MATCH = YES;
				CODE_SIGN_IDENTITY = "iPhone Developer";
				COPY_PHASE_STRIP = NO;
				DEBUG_INFORMATION_FORMAT = dwarf;
				ENABLE_STRICT_OBJC_MSGSEND = YES;
				ENABLE_TESTABILITY = YES;
				GCC_C_LANGUAGE_STANDARD = gnu11;
				GCC_DYNAMIC_NO_PIC = NO;
				GCC_NO_COMMON_BLOCKS = YES;
				GCC_OPTIMIZATION_LEVEL = 0;
				GCC_PREPROCESSOR_DEFINITIONS = (
					"DEBUG=1",
					"$(inherited)",
				);
				GCC_WARN_64_TO_32_BIT_CONVERSION = YES;
				GCC_WARN_ABOUT_RETURN_TYPE = YES_ERROR;
				GCC_WARN_UNDECLARED_SELECTOR = YES;
				GCC_WARN_UNINITIALIZED_AUTOS = YES_AGGRESSIVE;
				GCC_WARN_UNUSED_FUNCTION = YES;
				GCC_WARN_UNUSED_VARIABLE = YES;
				IPHONEOS_DEPLOYMENT_TARGET = 11.1;
				MTL_ENABLE_DEBUG_INFO = YES;
				ONLY_ACTIVE_ARCH = YES;
				SDKROOT = iphoneos;
				SWIFT_ACTIVE_COMPILATION_CONDITIONS = DEBUG;
				SWIFT_OPTIMIZATION_LEVEL = "-Onone";
			};
			name = Debug;
		};
		84583C1D1FE16E3C00D4D328 /* Release */ = {
			isa = XCBuildConfiguration;
			buildSettings = {
				ALWAYS_SEARCH_USER_PATHS = NO;
				CLANG_ANALYZER_NONNULL = YES;
				CLANG_ANALYZER_NUMBER_OBJECT_CONVERSION = YES_AGGRESSIVE;
				CLANG_CXX_LANGUAGE_STANDARD = "gnu++14";
				CLANG_CXX_LIBRARY = "libc++";
				CLANG_ENABLE_MODULES = YES;
				CLANG_ENABLE_OBJC_ARC = YES;
				CLANG_WARN_BLOCK_CAPTURE_AUTORELEASING = YES;
				CLANG_WARN_BOOL_CONVERSION = YES;
				CLANG_WARN_COMMA = YES;
				CLANG_WARN_CONSTANT_CONVERSION = YES;
				CLANG_WARN_DIRECT_OBJC_ISA_USAGE = YES_ERROR;
				CLANG_WARN_DOCUMENTATION_COMMENTS = YES;
				CLANG_WARN_EMPTY_BODY = YES;
				CLANG_WARN_ENUM_CONVERSION = YES;
				CLANG_WARN_INFINITE_RECURSION = YES;
				CLANG_WARN_INT_CONVERSION = YES;
				CLANG_WARN_NON_LITERAL_NULL_CONVERSION = YES;
				CLANG_WARN_OBJC_LITERAL_CONVERSION = YES;
				CLANG_WARN_OBJC_ROOT_CLASS = YES_ERROR;
				CLANG_WARN_RANGE_LOOP_ANALYSIS = YES;
				CLANG_WARN_STRICT_PROTOTYPES = YES;
				CLANG_WARN_SUSPICIOUS_MOVE = YES;
				CLANG_WARN_UNGUARDED_AVAILABILITY = YES_AGGRESSIVE;
				CLANG_WARN_UNREACHABLE_CODE = YES;
				CLANG_WARN__DUPLICATE_METHOD_MATCH = YES;
				CODE_SIGN_IDENTITY = "iPhone Developer";
				COPY_PHASE_STRIP = NO;
				DEBUG_INFORMATION_FORMAT = "dwarf-with-dsym";
				ENABLE_NS_ASSERTIONS = NO;
				ENABLE_STRICT_OBJC_MSGSEND = YES;
				GCC_C_LANGUAGE_STANDARD = gnu11;
				GCC_NO_COMMON_BLOCKS = YES;
				GCC_WARN_64_TO_32_BIT_CONVERSION = YES;
				GCC_WARN_ABOUT_RETURN_TYPE = YES_ERROR;
				GCC_WARN_UNDECLARED_SELECTOR = YES;
				GCC_WARN_UNINITIALIZED_AUTOS = YES_AGGRESSIVE;
				GCC_WARN_UNUSED_FUNCTION = YES;
				GCC_WARN_UNUSED_VARIABLE = YES;
				IPHONEOS_DEPLOYMENT_TARGET = 11.1;
				MTL_ENABLE_DEBUG_INFO = NO;
				SDKROOT = iphoneos;
				SWIFT_OPTIMIZATION_LEVEL = "-Owholemodule";
				VALIDATE_PRODUCT = YES;
			};
			name = Release;
		};
		84583C1F1FE16E3C00D4D328 /* Debug */ = {
			isa = XCBuildConfiguration;
			buildSettings = {
				ASSETCATALOG_COMPILER_APPICON_NAME = AppIcon;
				CODE_SIGN_STYLE = Automatic;
				DEVELOPMENT_TEAM = 63FWK3A3D9;
				INFOPLIST_FILE = FriendsMobileNetwork/Info.plist;
				LD_RUNPATH_SEARCH_PATHS = "$(inherited) @executable_path/Frameworks";
				PRODUCT_BUNDLE_IDENTIFIER = com.acme.FriendsMobileNetwork;
				PRODUCT_NAME = "$(TARGET_NAME)";
				SWIFT_VERSION = 4.0;
				TARGETED_DEVICE_FAMILY = "1,2";
			};
			name = Debug;
		};
		84583C201FE16E3C00D4D328 /* Release */ = {
			isa = XCBuildConfiguration;
			buildSettings = {
				ASSETCATALOG_COMPILER_APPICON_NAME = AppIcon;
				CODE_SIGN_STYLE = Automatic;
				DEVELOPMENT_TEAM = 63FWK3A3D9;
				INFOPLIST_FILE = FriendsMobileNetwork/Info.plist;
				LD_RUNPATH_SEARCH_PATHS = "$(inherited) @executable_path/Frameworks";
				PRODUCT_BUNDLE_IDENTIFIER = com.acme.FriendsMobileNetwork;
				PRODUCT_NAME = "$(TARGET_NAME)";
				SWIFT_VERSION = 4.0;
				TARGETED_DEVICE_FAMILY = "1,2";
			};
			name = Release;
		};
		84583C221FE16E3C00D4D328 /* Debug */ = {
			isa = XCBuildConfiguration;
			buildSettings = {
				ALWAYS_EMBED_SWIFT_STANDARD_LIBRARIES = YES;
				BUNDLE_LOADER = "$(TEST_HOST)";
				CODE_SIGN_STYLE = Automatic;
				INFOPLIST_FILE = FriendsMobileNetworkTests/Info.plist;
				LD_RUNPATH_SEARCH_PATHS = "$(inherited) @executable_path/Frameworks @loader_path/Frameworks";
				PRODUCT_BUNDLE_IDENTIFIER = com.acme.FriendsMobileNetworkTests;
				PRODUCT_NAME = "$(TARGET_NAME)";
				SWIFT_VERSION = 4.0;
				TARGETED_DEVICE_FAMILY = "1,2";
				TEST_HOST = "$(BUILT_PRODUCTS_DIR)/FriendsMobileNetwork.app/FriendsMobileNetwork";
			};
			name = Debug;
		};
		84583C231FE16E3C00D4D328 /* Release */ = {
			isa = XCBuildConfiguration;
			buildSettings = {
				ALWAYS_EMBED_SWIFT_STANDARD_LIBRARIES = YES;
				BUNDLE_LOADER = "$(TEST_HOST)";
				CODE_SIGN_STYLE = Automatic;
				INFOPLIST_FILE = FriendsMobileNetworkTests/Info.plist;
				LD_RUNPATH_SEARCH_PATHS = "$(inherited) @executable_path/Frameworks @loader_path/Frameworks";
				PRODUCT_BUNDLE_IDENTIFIER = com.acme.FriendsMobileNetworkTests;
				PRODUCT_NAME = "$(TARGET_NAME)";
				SWIFT_VERSION = 4.0;
				TARGETED_DEVICE_FAMILY = "1,2";
				TEST_HOST = "$(BUILT_PRODUCTS_DIR)/FriendsMobileNetwork.app/FriendsMobileNetwork";
			};
			name = Release;
		};
		84583C251FE16E3C00D4D328 /* Debug */ = {
			isa = XCBuildConfiguration;
			buildSettings = {
				ALWAYS_EMBED_SWIFT_STANDARD_LIBRARIES = YES;
				CODE_SIGN_STYLE = Automatic;
				INFOPLIST_FILE = FriendsMobileNetworkUITests/Info.plist;
				LD_RUNPATH_SEARCH_PATHS = "$(inherited) @executable_path/Frameworks @loader_path/Frameworks";
				PRODUCT_BUNDLE_IDENTIFIER = com.acme.FriendsMobileNetworkUITests;
				PRODUCT_NAME = "$(TARGET_NAME)";
				SWIFT_VERSION = 4.0;
				TARGETED_DEVICE_FAMILY = "1,2";
				TEST_TARGET_NAME = FriendsMobileNetwork;
			};
			name = Debug;
		};
		84583C261FE16E3C00D4D328 /* Release */ = {
			isa = XCBuildConfiguration;
			buildSettings = {
				ALWAYS_EMBED_SWIFT_STANDARD_LIBRARIES = YES;
				CODE_SIGN_STYLE = Automatic;
				INFOPLIST_FILE = FriendsMobileNetworkUITests/Info.plist;
				LD_RUNPATH_SEARCH_PATHS = "$(inherited) @executable_path/Frameworks @loader_path/Frameworks";
				PRODUCT_BUNDLE_IDENTIFIER = com.acme.FriendsMobileNetworkUITests;
				PRODUCT_NAME = "$(TARGET_NAME)";
				SWIFT_VERSION = 4.0;
				TARGETED_DEVICE_FAMILY = "1,2";
				TEST_TARGET_NAME = FriendsMobileNetwork;
			};
			name = Release;
		};
/* End XCBuildConfiguration section */

/* Begin XCConfigurationList section */
		84583BF11FE16E3B00D4D328 /* Build configuration list for PBXProject "FriendsMobileNetwork" */ = {
			isa = XCConfigurationList;
			buildConfigurations = (
				84583C1C1FE16E3C00D4D328 /* Debug */,
				84583C1D1FE16E3C00D4D328 /* Release */,
			);
			defaultConfigurationIsVisible = 0;
			defaultConfigurationName = Release;
		};
		84583C1E1FE16E3C00D4D328 /* Build configuration list for PBXNativeTarget "FriendsMobileNetwork" */ = {
			isa = XCConfigurationList;
			buildConfigurations = (
				84583C1F1FE16E3C00D4D328 /* Debug */,
				84583C201FE16E3C00D4D328 /* Release */,
			);
			defaultConfigurationIsVisible = 0;
			defaultConfigurationName = Release;
		};
		84583C211FE16E3C00D4D328 /* Build configuration list for PBXNativeTarget "FriendsMobileNetworkTests" */ = {
			isa = XCConfigurationList;
			buildConfigurations = (
				84583C221FE16E3C00D4D328 /* Debug */,
				84583C231FE16E3C00D4D328 /* Release */,
			);
			defaultConfigurationIsVisible = 0;
			defaultConfigurationName = Release;
		};
		84583C241FE16E3C00D4D328 /* Build configuration list for PBXNativeTarget "FriendsMobileNetworkUITests" */ = {
			isa = XCConfigurationList;
			buildConfigurations = (
				84583C251FE16E3C00D4D328 /* Debug */,
				84583C261FE16E3C00D4D328 /* Release */,
			);
			defaultConfigurationIsVisible = 0;
			defaultConfigurationName = Release;
		};
/* End XCConfigurationList section */
	};
	rootObject = 84583BEE1FE16E3B00D4D328 /* Project object */;
}
